
Microsoft Visual Studio Solution File, Format Version 12.00
# Visual Studio Version 16
VisualStudioVersion = 16.0.30907.101
MinimumVisualStudioVersion = 10.0.40219.1
Project("{FAE04EC0-301F-11D3-BF4B-00C04F79EFBC}") = "AwesomeApp.Android", "AwesomeApp\AwesomeApp.Android\AwesomeApp.Android.csproj", "{F493A7F4-48B3-4533-87C5-C05C6071FB7E}"
EndProject
Project("{FAE04EC0-301F-11D3-BF4B-00C04F79EFBC}") = "AwesomeApp.iOS", "AwesomeApp\AwesomeApp.iOS\AwesomeApp.iOS.csproj", "{BC74FA9B-CC53-4158-BD83-7B3A77F38D77}"
EndProject
Project("{FAE04EC0-301F-11D3-BF4B-00C04F79EFBC}") = "AwesomeApp", "AwesomeApp\AwesomeApp\AwesomeApp.csproj", "{0E468D69-9EA9-46FB-9482-5B83F66A400C}"
EndProject
Global
	GlobalSection(SolutionConfigurationPlatforms) = preSolution
		Debug|Any CPU = Debug|Any CPU
		Debug|iPhone = Debug|iPhone
		Debug|iPhoneSimulator = Debug|iPhoneSimulator
		Release|Any CPU = Release|Any CPU
		Release|iPhone = Release|iPhone
		Release|iPhoneSimulator = Release|iPhoneSimulator
	EndGlobalSection
	GlobalSection(ProjectConfigurationPlatforms) = postSolution
		{F493A7F4-48B3-4533-87C5-C05C6071FB7E}.Debug|Any CPU.ActiveCfg = Debug|Any CPU
		{F493A7F4-48B3-4533-87C5-C05C6071FB7E}.Debug|Any CPU.Build.0 = Debug|Any CPU
		{F493A7F4-48B3-4533-87C5-C05C6071FB7E}.Debug|Any CPU.Deploy.0 = Debug|Any CPU
		{F493A7F4-48B3-4533-87C5-C05C6071FB7E}.Debug|iPhone.ActiveCfg = Debug|Any CPU
		{F493A7F4-48B3-4533-87C5-C05C6071FB7E}.Debug|iPhone.Build.0 = Debug|Any CPU
		{F493A7F4-48B3-4533-87C5-C05C6071FB7E}.Debug|iPhone.Deploy.0 = Debug|Any CPU
		{F493A7F4-48B3-4533-87C5-C05C6071FB7E}.Debug|iPhoneSimulator.ActiveCfg = Debug|Any CPU
		{F493A7F4-48B3-4533-87C5-C05C6071FB7E}.Debug|iPhoneSimulator.Build.0 = Debug|Any CPU
		{F493A7F4-48B3-4533-87C5-C05C6071FB7E}.Debug|iPhoneSimulator.Deploy.0 = Debug|Any CPU
		{F493A7F4-48B3-4533-87C5-C05C6071FB7E}.Release|Any CPU.ActiveCfg = Release|Any CPU
		{F493A7F4-48B3-4533-87C5-C05C6071FB7E}.Release|Any CPU.Build.0 = Release|Any CPU
		{F493A7F4-48B3-4533-87C5-C05C6071FB7E}.Release|Any CPU.Deploy.0 = Release|Any CPU
		{F493A7F4-48B3-4533-87C5-C05C6071FB7E}.Release|iPhone.ActiveCfg = Release|Any CPU
		{F493A7F4-48B3-4533-87C5-C05C6071FB7E}.Release|iPhone.Build.0 = Release|Any CPU
		{F493A7F4-48B3-4533-87C5-C05C6071FB7E}.Release|iPhone.Deploy.0 = Release|Any CPU
		{F493A7F4-48B3-4533-87C5-C05C6071FB7E}.Release|iPhoneSimulator.ActiveCfg = Release|Any CPU
		{F493A7F4-48B3-4533-87C5-C05C6071FB7E}.Release|iPhoneSimulator.Build.0 = Release|Any CPU
		{F493A7F4-48B3-4533-87C5-C05C6071FB7E}.Release|iPhoneSimulator.Deploy.0 = Release|Any CPU
		{BC74FA9B-CC53-4158-BD83-7B3A77F38D77}.Debug|Any CPU.ActiveCfg = Debug|iPhone
		{BC74FA9B-CC53-4158-BD83-7B3A77F38D77}.Debug|Any CPU.Build.0 = Debug|iPhone
		{BC74FA9B-CC53-4158-BD83-7B3A77F38D77}.Debug|Any CPU.Deploy.0 = Debug|iPhone
		{BC74FA9B-CC53-4158-BD83-7B3A77F38D77}.Debug|iPhone.ActiveCfg = Debug|iPhone
		{BC74FA9B-CC53-4158-BD83-7B3A77F38D77}.Debug|iPhone.Build.0 = Debug|iPhone
		{BC74FA9B-CC53-4158-BD83-7B3A77F38D77}.Debug|iPhone.Deploy.0 = Debug|iPhone
		{BC74FA9B-CC53-4158-BD83-7B3A77F38D77}.Debug|iPhoneSimulator.ActiveCfg = Debug|iPhoneSimulator
		{BC74FA9B-CC53-4158-BD83-7B3A77F38D77}.Debug|iPhoneSimulator.Build.0 = Debug|iPhoneSimulator
		{BC74FA9B-CC53-4158-BD83-7B3A77F38D77}.Debug|iPhoneSimulator.Deploy.0 = Debug|iPhoneSimulator
		{BC74FA9B-CC53-4158-BD83-7B3A77F38D77}.Release|Any CPU.ActiveCfg = Release|iPhoneSimulator
		{BC74FA9B-CC53-4158-BD83-7B3A77F38D77}.Release|Any CPU.Build.0 = Release|iPhoneSimulator
		{BC74FA9B-CC53-4158-BD83-7B3A77F38D77}.Release|Any CPU.Deploy.0 = Release|iPhoneSimulator
		{BC74FA9B-CC53-4158-BD83-7B3A77F38D77}.Release|iPhone.ActiveCfg = Release|iPhone
		{BC74FA9B-CC53-4158-BD83-7B3A77F38D77}.Release|iPhone.Build.0 = Release|iPhone
		{BC74FA9B-CC53-4158-BD83-7B3A77F38D77}.Release|iPhone.Deploy.0 = Release|iPhone
		{BC74FA9B-CC53-4158-BD83-7B3A77F38D77}.Release|iPhoneSimulator.ActiveCfg = Release|iPhoneSimulator
		{BC74FA9B-CC53-4158-BD83-7B3A77F38D77}.Release|iPhoneSimulator.Build.0 = Release|iPhoneSimulator
		{BC74FA9B-CC53-4158-BD83-7B3A77F38D77}.Release|iPhoneSimulator.Deploy.0 = Release|iPhoneSimulator
		{0E468D69-9EA9-46FB-9482-5B83F66A400C}.Debug|Any CPU.ActiveCfg = Debug|Any CPU
		{0E468D69-9EA9-46FB-9482-5B83F66A400C}.Debug|Any CPU.Build.0 = Debug|Any CPU
		{0E468D69-9EA9-46FB-9482-5B83F66A400C}.Debug|Any CPU.Deploy.0 = Debug|Any CPU
		{0E468D69-9EA9-46FB-9482-5B83F66A400C}.Debug|iPhone.ActiveCfg = Debug|Any CPU
		{0E468D69-9EA9-46FB-9482-5B83F66A400C}.Debug|iPhone.Build.0 = Debug|Any CPU
		{0E468D69-9EA9-46FB-9482-5B83F66A400C}.Debug|iPhone.Deploy.0 = Debug|Any CPU
		{0E468D69-9EA9-46FB-9482-5B83F66A400C}.Debug|iPhoneSimulator.ActiveCfg = Debug|Any CPU
		{0E468D69-9EA9-46FB-9482-5B83F66A400C}.Debug|iPhoneSimulator.Build.0 = Debug|Any CPU
		{0E468D69-9EA9-46FB-9482-5B83F66A400C}.Debug|iPhoneSimulator.Deploy.0 = Debug|Any CPU
		{0E468D69-9EA9-46FB-9482-5B83F66A400C}.Release|Any CPU.ActiveCfg = Release|Any CPU
		{0E468D69-9EA9-46FB-9482-5B83F66A400C}.Release|Any CPU.Build.0 = Release|Any CPU
		{0E468D69-9EA9-46FB-9482-5B83F66A400C}.Release|Any CPU.Deploy.0 = Release|Any CPU
		{0E468D69-9EA9-46FB-9482-5B83F66A400C}.Release|iPhone.ActiveCfg = Release|Any CPU
		{0E468D69-9EA9-46FB-9482-5B83F66A400C}.Release|iPhone.Build.0 = Release|Any CPU
		{0E468D69-9EA9-46FB-9482-5B83F66A400C}.Release|iPhone.Deploy.0 = Release|Any CPU
		{0E468D69-9EA9-46FB-9482-5B83F66A400C}.Release|iPhoneSimulator.ActiveCfg = Release|Any CPU
		{0E468D69-9EA9-46FB-9482-5B83F66A400C}.Release|iPhoneSimulator.Build.0 = Release|Any CPU
		{0E468D69-9EA9-46FB-9482-5B83F66A400C}.Release|iPhoneSimulator.Deploy.0 = Release|Any CPU
	EndGlobalSection
	GlobalSection(SolutionProperties) = preSolution
		HideSolutionNode = FALSE
	EndGlobalSection
	GlobalSection(ExtensibilityGlobals) = postSolution
		SolutionGuid = {5BF8F074-CD9E-4D7A-9C2E-830AFB13F761}
	EndGlobalSection
EndGlobal
